
Microsoft Visual Studio Solution File, Format Version 12.00
# Visual Studio Version 17
VisualStudioVersion = 17.11.35312.102
MinimumVisualStudioVersion = 10.0.40219.1
Project("{FAE04EC0-301F-11D3-BF4B-00C04F79EFBC}") = "Presentation", "Presentation\Presentation.csproj", "{0CD1A66D-CA7C-4533-9DCF-8016ABEED68F}"
EndProject
Project("{FAE04EC0-301F-11D3-BF4B-00C04F79EFBC}") = "Infraestructure", "Infraestructure\Infraestructure.csproj", "{EF4C586C-2492-427C-94BC-57B8EEC26656}"
EndProject
Project("{FAE04EC0-301F-11D3-BF4B-00C04F79EFBC}") = "Domain", "Domain\Domain.csproj", "{A1F822E0-1F34-40C7-B44F-4397BA234D78}"
EndProject
Project("{FAE04EC0-301F-11D3-BF4B-00C04F79EFBC}") = "Application", "Application\Application.csproj", "{1A77041D-5730-49CD-B136-C94DEA73B219}"
EndProject
Global
	GlobalSection(SolutionConfigurationPlatforms) = preSolution
		Debug|Any CPU = Debug|Any CPU
		Release|Any CPU = Release|Any CPU
	EndGlobalSection
	GlobalSection(ProjectConfigurationPlatforms) = postSolution
		{0CD1A66D-CA7C-4533-9DCF-8016ABEED68F}.Debug|Any CPU.ActiveCfg = Debug|Any CPU
		{0CD1A66D-CA7C-4533-9DCF-8016ABEED68F}.Debug|Any CPU.Build.0 = Debug|Any CPU
		{0CD1A66D-CA7C-4533-9DCF-8016ABEED68F}.Release|Any CPU.ActiveCfg = Release|Any CPU
		{0CD1A66D-CA7C-4533-9DCF-8016ABEED68F}.Release|Any CPU.Build.0 = Release|Any CPU
		{EF4C586C-2492-427C-94BC-57B8EEC26656}.Debug|Any CPU.ActiveCfg = Debug|Any CPU
		{EF4C586C-2492-427C-94BC-57B8EEC26656}.Debug|Any CPU.Build.0 = Debug|Any CPU
		{EF4C586C-2492-427C-94BC-57B8EEC26656}.Release|Any CPU.ActiveCfg = Release|Any CPU
		{EF4C586C-2492-427C-94BC-57B8EEC26656}.Release|Any CPU.Build.0 = Release|Any CPU
		{A1F822E0-1F34-40C7-B44F-4397BA234D78}.Debug|Any CPU.ActiveCfg = Debug|Any CPU
		{A1F822E0-1F34-40C7-B44F-4397BA234D78}.Debug|Any CPU.Build.0 = Debug|Any CPU
		{A1F822E0-1F34-40C7-B44F-4397BA234D78}.Release|Any CPU.ActiveCfg = Release|Any CPU
		{A1F822E0-1F34-40C7-B44F-4397BA234D78}.Release|Any CPU.Build.0 = Release|Any CPU
		{1A77041D-5730-49CD-B136-C94DEA73B219}.Debug|Any CPU.ActiveCfg = Debug|Any CPU
		{1A77041D-5730-49CD-B136-C94DEA73B219}.Debug|Any CPU.Build.0 = Debug|Any CPU
		{1A77041D-5730-49CD-B136-C94DEA73B219}.Release|Any CPU.ActiveCfg = Release|Any CPU
		{1A77041D-5730-49CD-B136-C94DEA73B219}.Release|Any CPU.Build.0 = Release|Any CPU
	EndGlobalSection
	GlobalSection(SolutionProperties) = preSolution
		HideSolutionNode = FALSE
	EndGlobalSection
	GlobalSection(ExtensibilityGlobals) = postSolution
		SolutionGuid = {DC170402-7AA7-40E2-A390-B32F1486533F}
	EndGlobalSection
EndGlobal
